{
  "nodes": {
    "nixpkgs": {
      "locked": {
        "lastModified": 1780203844,
        "narHash": "sha256-K5sT4jTpGs15ADhviMKNBH38REpPf5Q6mM1+N6cArVE=",
        "owner": "NixOS",
        "repo": "nixpkgs",
        "rev": "b51242d7d43689db2f3be91bd05d5b24fbb469c4",
        "type": "github"
      },
      "original": {
        "owner": "NixOS",
        "ref": "nixos-26.05",
        "repo": "nixpkgs",
        "type": "github"
      }
    },
    "root": {
      "inputs": {
        "unpins-lib": "unpins-lib"
      }
    },
    "unpins-lib": {
      "inputs": {
        "nixpkgs": "nixpkgs"
      },
      "locked": {
        "lastModified": 1783219483,
        "narHash": "sha256-cLYGkDhWcQQ16aqRWAXmDQHM0kQ0JiSMi/6ZW8GM9Vo=",
        "owner": "unpins",
        "repo": "nix-lib",
        "rev": "5230b46a7b3cf83537edbbda255f6370090b5f13",
        "type": "github"
      },
      "original": {
        "owner": "unpins",
        "repo": "nix-lib",
        "type": "github"
      }
    }
  },
  "root": "root",
  "version": 7
}
